
Microsoft Visual Studio Solution File, Format Version 12.00
# Visual Studio Version 16
VisualStudioVersion = 16.0.30104.148
MinimumVisualStudioVersion = 10.0.40219.1
Project("{FAE04EC0-301F-11D3-BF4B-00C04F79EFBC}") = "BulkyBook", "BulkyBook\BulkyBook.csproj", "{83E26609-7830-4DFF-AA1A-34775855A938}"
EndProject
Project("{FAE04EC0-301F-11D3-BF4B-00C04F79EFBC}") = "BulkyBook.DataAccess", "BulkyBook.DataAccess\BulkyBook.DataAccess.csproj", "{40E7E30E-C2D4-421B-A49E-A00B709BB26F}"
EndProject
Project("{FAE04EC0-301F-11D3-BF4B-00C04F79EFBC}") = "BulkyBook.Models", "BulkyBook.Models\BulkyBook.Models.csproj", "{A4CE4975-74C2-4E2D-B204-186E557C95FD}"
EndProject
Project("{FAE04EC0-301F-11D3-BF4B-00C04F79EFBC}") = "BulkyBook.Utility", "BulkyBook.Utility\BulkyBook.Utility.csproj", "{7CEBC91A-89D2-44CB-AA13-FC6C4C46E744}"
EndProject
Global
	GlobalSection(SolutionConfigurationPlatforms) = preSolution
		Debug|Any CPU = Debug|Any CPU
		Release|Any CPU = Release|Any CPU
	EndGlobalSection
	GlobalSection(ProjectConfigurationPlatforms) = postSolution
		{83E26609-7830-4DFF-AA1A-34775855A938}.Debug|Any CPU.ActiveCfg = Debug|Any CPU
		{83E26609-7830-4DFF-AA1A-34775855A938}.Debug|Any CPU.Build.0 = Debug|Any CPU
		{83E26609-7830-4DFF-AA1A-34775855A938}.Release|Any CPU.ActiveCfg = Release|Any CPU
		{83E26609-7830-4DFF-AA1A-34775855A938}.Release|Any CPU.Build.0 = Release|Any CPU
		{40E7E30E-C2D4-421B-A49E-A00B709BB26F}.Debug|Any CPU.ActiveCfg = Debug|Any CPU
		{40E7E30E-C2D4-421B-A49E-A00B709BB26F}.Debug|Any CPU.Build.0 = Debug|Any CPU
		{40E7E30E-C2D4-421B-A49E-A00B709BB26F}.Release|Any CPU.ActiveCfg = Release|Any CPU
		{40E7E30E-C2D4-421B-A49E-A00B709BB26F}.Release|Any CPU.Build.0 = Release|Any CPU
		{A4CE4975-74C2-4E2D-B204-186E557C95FD}.Debug|Any CPU.ActiveCfg = Debug|Any CPU
		{A4CE4975-74C2-4E2D-B204-186E557C95FD}.Debug|Any CPU.Build.0 = Debug|Any CPU
		{A4CE4975-74C2-4E2D-B204-186E557C95FD}.Release|Any CPU.ActiveCfg = Release|Any CPU
		{A4CE4975-74C2-4E2D-B204-186E557C95FD}.Release|Any CPU.Build.0 = Release|Any CPU
		{7CEBC91A-89D2-44CB-AA13-FC6C4C46E744}.Debug|Any CPU.ActiveCfg = Debug|Any CPU
		{7CEBC91A-89D2-44CB-AA13-FC6C4C46E744}.Debug|Any CPU.Build.0 = Debug|Any CPU
		{7CEBC91A-89D2-44CB-AA13-FC6C4C46E744}.Release|Any CPU.ActiveCfg = Release|Any CPU
		{7CEBC91A-89D2-44CB-AA13-FC6C4C46E744}.Release|Any CPU.Build.0 = Release|Any CPU
	EndGlobalSection
	GlobalSection(SolutionProperties) = preSolution
		HideSolutionNode = FALSE
	EndGlobalSection
	GlobalSection(ExtensibilityGlobals) = postSolution
		SolutionGuid = {1DA4BCE9-DD5C-45EB-8ED8-3A796D49B812}
	EndGlobalSection
EndGlobal
